// !$*UTF8*$!
{
	archiveVersion = 1;
	classes = {
	};
	objectVersion = 45;
	objects = {

/* Begin PBXBuildFile section */
		1DDD58160DA1D0A300B32029 /* MainMenu.xib in Resources */ = {isa = PBXBuildFile; fileRef = 1DDD58140DA1D0A300B32029 /* MainMenu.xib */; };
		256AC3DA0F4B6AC300CF3369 /* MutuAppDelegate.m in Sources */ = {isa = PBXBuildFile; fileRef = 256AC3D90F4B6AC300CF3369 /* MutuAppDelegate.m */; };
		8D11072B0486CEB800E47090 /* InfoPlist.strings in Resources */ = {isa = PBXBuildFile; fileRef = 089C165CFE840E0CC02AAC07 /* InfoPlist.strings */; };
		8D11072D0486CEB800E47090 /* main.m in Sources */ = {isa = PBXBuildFile; fileRef = 29B97316FDCFA39411CA2CEA /* main.m */; settings = {ATTRIBUTES = (); }; };
		8D11072F0486CEB800E47090 /* Cocoa.framework in Frameworks */ = {isa = PBXBuildFile; fileRef = 1058C7A1FEA54F0111CA2CBB /* Cocoa.framework */; };
		EF31718B110F54C900154890 /* tunnel.sh in Resources */ = {isa = PBXBuildFile; fileRef = EF31718A110F54C900154890 /* tunnel.sh */; };
		EF4520F01111D3B2001E86A3 /* AppController.m in Sources */ = {isa = PBXBuildFile; fileRef = EF4520EF1111D3B2001E86A3 /* AppController.m */; };
		EF4520F31111D3FE001E86A3 /* PreferenceController.m in Sources */ = {isa = PBXBuildFile; fileRef = EF4520F21111D3FE001E86A3 /* PreferenceController.m */; };
		EF4520F71111D6AA001E86A3 /* Preferences.xib in Resources */ = {isa = PBXBuildFile; fileRef = EF4520F61111D6AA001E86A3 /* Preferences.xib */; };
		EF4522071111EF8C001E86A3 /* Workflow.txt in Resources */ = {isa = PBXBuildFile; fileRef = EF4522061111EF8C001E86A3 /* Workflow.txt */; };
		EF4522BF11122A5E001E86A3 /* Emerald.gif in Resources */ = {isa = PBXBuildFile; fileRef = EF4522BE11122A5E001E86A3 /* Emerald.gif */; };
		EF45241711133365001E86A3 /* Servers.xcdatamodel in Sources */ = {isa = PBXBuildFile; fileRef = EF45241611133365001E86A3 /* Servers.xcdatamodel */; };
		EF592292111CF93E00C6F4FD /* SSHTunnel.m in Sources */ = {isa = PBXBuildFile; fileRef = EF592291111CF93E00C6F4FD /* SSHTunnel.m */; };
		EF7250A811177E540018FFAE /* destroy.icns in Resources */ = {isa = PBXBuildFile; fileRef = EF7250A711177E540018FFAE /* destroy.icns */; };
		EF7250AA11177E5B0018FFAE /* prefs.icns in Resources */ = {isa = PBXBuildFile; fileRef = EF7250A911177E5B0018FFAE /* prefs.icns */; };
		EF7250AC11177E650018FFAE /* Terminal.icns in Resources */ = {isa = PBXBuildFile; fileRef = EF7250AB11177E650018FFAE /* Terminal.icns */; };
		EF7250AE11177E870018FFAE /* Keychain.icns in Resources */ = {isa = PBXBuildFile; fileRef = EF7250AD11177E870018FFAE /* Keychain.icns */; };
		EF7250DD11178F1B0018FFAE /* Helpers.m in Sources */ = {isa = PBXBuildFile; fileRef = EF7250DC11178F1B0018FFAE /* Helpers.m */; };
		EF7250F9111790C20018FFAE /* Constants.m in Sources */ = {isa = PBXBuildFile; fileRef = EF7250F8111790C20018FFAE /* Constants.m */; };
		EF81C3091110A70A0029B281 /* PreChecks.m in Sources */ = {isa = PBXBuildFile; fileRef = EF81C3081110A70A0029B281 /* PreChecks.m */; };
		EFBFCC731117396800D0A00F /* Servers_AppDelegate.m in Sources */ = {isa = PBXBuildFile; fileRef = EFBFCC721117396800D0A00F /* Servers_AppDelegate.m */; };
/* End PBXBuildFile section */

/* Begin PBXFileReference section */
		089C165DFE840E0CC02AAC07 /* English */ = {isa = PBXFileReference; fileEncoding = 4; lastKnownFileType = text.plist.strings; name = English; path = English.lproj/InfoPlist.strings; sourceTree = "<group>"; };
		1058C7A1FEA54F0111CA2CBB /* Cocoa.framework */ = {isa = PBXFileReference; lastKnownFileType = wrapper.framework; name = Cocoa.framework; path = /System/Library/Frameworks/Cocoa.framework; sourceTree = "<absolute>"; };
		13E42FB307B3F0F600E4EEF1 /* CoreData.framework */ = {isa = PBXFileReference; lastKnownFileType = wrapper.framework; name = CoreData.framework; path = /System/Library/Frameworks/CoreData.framework; sourceTree = "<absolute>"; };
		1DDD58150DA1D0A300B32029 /* English */ = {isa = PBXFileReference; lastKnownFileType = file.xib; name = English; path = English.lproj/MainMenu.xib; sourceTree = "<group>"; };
		256AC3D80F4B6AC300CF3369 /* MutuAppDelegate.h */ = {isa = PBXFileReference; fileEncoding = 4; lastKnownFileType = sourcecode.c.h; path = MutuAppDelegate.h; sourceTree = "<group>"; };
		256AC3D90F4B6AC300CF3369 /* MutuAppDelegate.m */ = {isa = PBXFileReference; fileEncoding = 4; lastKnownFileType = sourcecode.c.objc; path = MutuAppDelegate.m; sourceTree = "<group>"; };
		256AC3F00F4B6AF500CF3369 /* Mutu_Prefix.pch */ = {isa = PBXFileReference; fileEncoding = 4; lastKnownFileType = sourcecode.c.h; path = Mutu_Prefix.pch; sourceTree = "<group>"; };
		29B97316FDCFA39411CA2CEA /* main.m */ = {isa = PBXFileReference; fileEncoding = 4; lastKnownFileType = sourcecode.c.objc; path = main.m; sourceTree = "<group>"; };
		29B97324FDCFA39411CA2CEA /* AppKit.framework */ = {isa = PBXFileReference; lastKnownFileType = wrapper.framework; name = AppKit.framework; path = /System/Library/Frameworks/AppKit.framework; sourceTree = "<absolute>"; };
		29B97325FDCFA39411CA2CEA /* Foundation.framework */ = {isa = PBXFileReference; lastKnownFileType = wrapper.framework; name = Foundation.framework; path = /System/Library/Frameworks/Foundation.framework; sourceTree = "<absolute>"; };
		8D1107310486CEB800E47090 /* Mutu-Info.plist */ = {isa = PBXFileReference; fileEncoding = 4; lastKnownFileType = text.plist.xml; path = "Mutu-Info.plist"; sourceTree = "<group>"; };
		8D1107320486CEB800E47090 /* Mutu.app */ = {isa = PBXFileReference; explicitFileType = wrapper.application; includeInIndex = 0; path = Mutu.app; sourceTree = BUILT_PRODUCTS_DIR; };
		EF31718A110F54C900154890 /* tunnel.sh */ = {isa = PBXFileReference; fileEncoding = 4; lastKnownFileType = text.script.sh; path = tunnel.sh; sourceTree = "<group>"; };
		EF4520EE1111D3B2001E86A3 /* AppController.h */ = {isa = PBXFileReference; fileEncoding = 4; lastKnownFileType = sourcecode.c.h; path = AppController.h; sourceTree = "<group>"; };
		EF4520EF1111D3B2001E86A3 /* AppController.m */ = {isa = PBXFileReference; fileEncoding = 4; lastKnownFileType = sourcecode.c.objc; path = AppController.m; sourceTree = "<group>"; };
		EF4520F11111D3FE001E86A3 /* PreferenceController.h */ = {isa = PBXFileReference; fileEncoding = 4; lastKnownFileType = sourcecode.c.h; path = PreferenceController.h; sourceTree = "<group>"; };
		EF4520F21111D3FE001E86A3 /* PreferenceController.m */ = {isa = PBXFileReference; fileEncoding = 4; lastKnownFileType = sourcecode.c.objc; path = PreferenceController.m; sourceTree = "<group>"; };
		EF4520F61111D6AA001E86A3 /* Preferences.xib */ = {isa = PBXFileReference; lastKnownFileType = file.xib; path = Preferences.xib; sourceTree = "<group>"; };
		EF4522061111EF8C001E86A3 /* Workflow.txt */ = {isa = PBXFileReference; fileEncoding = 4; lastKnownFileType = text; path = Workflow.txt; sourceTree = "<group>"; };
		EF4522BE11122A5E001E86A3 /* Emerald.gif */ = {isa = PBXFileReference; lastKnownFileType = image.gif; path = Emerald.gif; sourceTree = "<group>"; };
		EF45241611133365001E86A3 /* Servers.xcdatamodel */ = {isa = PBXFileReference; fileEncoding = 4; lastKnownFileType = wrapper.xcdatamodel; path = Servers.xcdatamodel; sourceTree = "<group>"; };
		EF592290111CF93E00C6F4FD /* SSHTunnel.h */ = {isa = PBXFileReference; fileEncoding = 4; lastKnownFileType = sourcecode.c.h; path = SSHTunnel.h; sourceTree = "<group>"; };
		EF592291111CF93E00C6F4FD /* SSHTunnel.m */ = {isa = PBXFileReference; fileEncoding = 4; lastKnownFileType = sourcecode.c.objc; path = SSHTunnel.m; sourceTree = "<group>"; };
		EF592296111CFA6600C6F4FD /* SSHTunnelDebug.h */ = {isa = PBXFileReference; fileEncoding = 4; lastKnownFileType = sourcecode.c.h; path = SSHTunnelDebug.h; sourceTree = "<group>"; };
		EF7250A711177E540018FFAE /* destroy.icns */ = {isa = PBXFileReference; lastKnownFileType = image.icns; path = destroy.icns; sourceTree = "<group>"; };
		EF7250A911177E5B0018FFAE /* prefs.icns */ = {isa = PBXFileReference; lastKnownFileType = image.icns; path = prefs.icns; sourceTree = "<group>"; };
		EF7250AB11177E650018FFAE /* Terminal.icns */ = {isa = PBXFileReference; lastKnownFileType = image.icns; path = Terminal.icns; sourceTree = "<group>"; };
		EF7250AD11177E870018FFAE /* Keychain.icns */ = {isa = PBXFileReference; lastKnownFileType = image.icns; path = Keychain.icns; sourceTree = "<group>"; };
		EF7250DB11178F1B0018FFAE /* Helpers.h */ = {isa = PBXFileReference; fileEncoding = 4; lastKnownFileType = sourcecode.c.h; path = Helpers.h; sourceTree = "<group>"; };
		EF7250DC11178F1B0018FFAE /* Helpers.m */ = {isa = PBXFileReference; fileEncoding = 4; lastKnownFileType = sourcecode.c.objc; path = Helpers.m; sourceTree = "<group>"; };
		EF7250F7111790C20018FFAE /* Constants.h */ = {isa = PBXFileReference; fileEncoding = 4; lastKnownFileType = sourcecode.c.h; path = Constants.h; sourceTree = "<group>"; };
		EF7250F8111790C20018FFAE /* Constants.m */ = {isa = PBXFileReference; fileEncoding = 4; lastKnownFileType = sourcecode.c.objc; path = Constants.m; sourceTree = "<group>"; };
		EF81C3071110A70A0029B281 /* PreChecks.h */ = {isa = PBXFileReference; fileEncoding = 4; lastKnownFileType = sourcecode.c.h; path = PreChecks.h; sourceTree = "<group>"; };
		EF81C3081110A70A0029B281 /* PreChecks.m */ = {isa = PBXFileReference; fileEncoding = 4; lastKnownFileType = sourcecode.c.objc; path = PreChecks.m; sourceTree = "<group>"; };
		EFBFCC711117396800D0A00F /* Servers_AppDelegate.h */ = {isa = PBXFileReference; fileEncoding = 4; lastKnownFileType = sourcecode.c.h; path = Servers_AppDelegate.h; sourceTree = "<group>"; };
		EFBFCC721117396800D0A00F /* Servers_AppDelegate.m */ = {isa = PBXFileReference; fileEncoding = 4; lastKnownFileType = sourcecode.c.objc; path = Servers_AppDelegate.m; sourceTree = "<group>"; };
/* End PBXFileReference section */

/* Begin PBXFrameworksBuildPhase section */
		8D11072E0486CEB800E47090 /* Frameworks */ = {
			isa = PBXFrameworksBuildPhase;
			buildActionMask = 2147483647;
			files = (
				8D11072F0486CEB800E47090 /* Cocoa.framework in Frameworks */,
			);
			runOnlyForDeploymentPostprocessing = 0;
		};
/* End PBXFrameworksBuildPhase section */

/* Begin PBXGroup section */
		080E96DDFE201D6D7F000001 /* Classes */ = {
			isa = PBXGroup;
			children = (
				EF7250F8111790C20018FFAE /* Constants.m */,
				EF7250F7111790C20018FFAE /* Constants.h */,
				EF592296111CFA6600C6F4FD /* SSHTunnelDebug.h */,
				EF592290111CF93E00C6F4FD /* SSHTunnel.h */,
				EF592291111CF93E00C6F4FD /* SSHTunnel.m */,
				EF72507F11177C0C0018FFAE /* Delegates */,
				EF72508011177C180018FFAE /* Helpers */,
				EF7250D211178D0C0018FFAE /* Main */,
				EF7250CD11178C9C0018FFAE /* Preferences */,
			);
			name = Classes;
			sourceTree = "<group>";
		};
		1058C7A0FEA54F0111CA2CBB /* Linked Frameworks */ = {
			isa = PBXGroup;
			children = (
				1058C7A1FEA54F0111CA2CBB /* Cocoa.framework */,
			);
			name = "Linked Frameworks";
			sourceTree = "<group>";
		};
		1058C7A2FEA54F0111CA2CBB /* Other Frameworks */ = {
			isa = PBXGroup;
			children = (
				29B97324FDCFA39411CA2CEA /* AppKit.framework */,
				13E42FB307B3F0F600E4EEF1 /* CoreData.framework */,
				29B97325FDCFA39411CA2CEA /* Foundation.framework */,
			);
			name = "Other Frameworks";
			sourceTree = "<group>";
		};
		19C28FACFE9D520D11CA2CBB /* Products */ = {
			isa = PBXGroup;
			children = (
				8D1107320486CEB800E47090 /* Mutu.app */,
			);
			name = Products;
			sourceTree = "<group>";
		};
		29B97314FDCFA39411CA2CEA /* Mutu */ = {
			isa = PBXGroup;
			children = (
				EFBFCBEB111660BE00D0A00F /* Models */,
				080E96DDFE201D6D7F000001 /* Classes */,
				29B97315FDCFA39411CA2CEA /* Other Sources */,
				29B97317FDCFA39411CA2CEA /* Resources */,
				29B97323FDCFA39411CA2CEA /* Frameworks */,
				19C28FACFE9D520D11CA2CBB /* Products */,
			);
			name = Mutu;
			sourceTree = "<group>";
		};
		29B97315FDCFA39411CA2CEA /* Other Sources */ = {
			isa = PBXGroup;
			children = (
				256AC3F00F4B6AF500CF3369 /* Mutu_Prefix.pch */,
				29B97316FDCFA39411CA2CEA /* main.m */,
			);
			name = "Other Sources";
			sourceTree = "<group>";
		};
		29B97317FDCFA39411CA2CEA /* Resources */ = {
			isa = PBXGroup;
			children = (
				EF7250AD11177E870018FFAE /* Keychain.icns */,
				EF7250AB11177E650018FFAE /* Terminal.icns */,
				EF7250A911177E5B0018FFAE /* prefs.icns */,
				EF7250A711177E540018FFAE /* destroy.icns */,
				EF4522BE11122A5E001E86A3 /* Emerald.gif */,
				EF4520F61111D6AA001E86A3 /* Preferences.xib */,
				EF31718A110F54C900154890 /* tunnel.sh */,
				8D1107310486CEB800E47090 /* Mutu-Info.plist */,
				089C165CFE840E0CC02AAC07 /* InfoPlist.strings */,
				1DDD58140DA1D0A300B32029 /* MainMenu.xib */,
				EF4522061111EF8C001E86A3 /* Workflow.txt */,
			);
			name = Resources;
			sourceTree = "<group>";
		};
		29B97323FDCFA39411CA2CEA /* Frameworks */ = {
			isa = PBXGroup;
			children = (
				1058C7A0FEA54F0111CA2CBB /* Linked Frameworks */,
				1058C7A2FEA54F0111CA2CBB /* Other Frameworks */,
			);
			name = Frameworks;
			sourceTree = "<group>";
		};
		EF72507F11177C0C0018FFAE /* Delegates */ = {
			isa = PBXGroup;
			children = (
				EFBFCC721117396800D0A00F /* Servers_AppDelegate.m */,
				EFBFCC711117396800D0A00F /* Servers_AppDelegate.h */,
				256AC3D90F4B6AC300CF3369 /* MutuAppDelegate.m */,
				256AC3D80F4B6AC300CF3369 /* MutuAppDelegate.h */,
			);
			name = Delegates;
			sourceTree = "<group>";
		};
		EF72508011177C180018FFAE /* Helpers */ = {
			isa = PBXGroup;
			children = (
				EF81C3071110A70A0029B281 /* PreChecks.h */,
				EF81C3081110A70A0029B281 /* PreChecks.m */,
				EF7250DB11178F1B0018FFAE /* Helpers.h */,
				EF7250DC11178F1B0018FFAE /* Helpers.m */,
			);
			name = Helpers;
			sourceTree = "<group>";
		};
		EF7250CD11178C9C0018FFAE /* Preferences */ = {
			isa = PBXGroup;
			children = (
				EF4520F21111D3FE001E86A3 /* PreferenceController.m */,
				EF4520F11111D3FE001E86A3 /* PreferenceController.h */,
			);
			name = Preferences;
			sourceTree = "<group>";
		};
		EF7250D211178D0C0018FFAE /* Main */ = {
			isa = PBXGroup;
			children = (
				EF4520EF1111D3B2001E86A3 /* AppController.m */,
				EF4520EE1111D3B2001E86A3 /* AppController.h */,
			);
			name = Main;
			sourceTree = "<group>";
		};
		EFBFCBEB111660BE00D0A00F /* Models */ = {
			isa = PBXGroup;
			children = (
				EF45241611133365001E86A3 /* Servers.xcdatamodel */,
			);
			name = Models;
			sourceTree = "<group>";
		};
/* End PBXGroup section */

/* Begin PBXNativeTarget section */
		8D1107260486CEB800E47090 /* Mutu */ = {
			isa = PBXNativeTarget;
			buildConfigurationList = C01FCF4A08A954540054247B /* Build configuration list for PBXNativeTarget "Mutu" */;
			buildPhases = (
				8D1107290486CEB800E47090 /* Resources */,
				8D11072C0486CEB800E47090 /* Sources */,
				8D11072E0486CEB800E47090 /* Frameworks */,
			);
			buildRules = (
			);
			dependencies = (
			);
			name = Mutu;
			productInstallPath = "$(HOME)/Applications";
			productName = Mutu;
			productReference = 8D1107320486CEB800E47090 /* Mutu.app */;
			productType = "com.apple.product-type.application";
		};
/* End PBXNativeTarget section */

/* Begin PBXProject section */
		29B97313FDCFA39411CA2CEA /* Project object */ = {
			isa = PBXProject;
			buildConfigurationList = C01FCF4E08A954540054247B /* Build configuration list for PBXProject "Mutu" */;
			compatibilityVersion = "Xcode 3.1";
			hasScannedForEncodings = 1;
			mainGroup = 29B97314FDCFA39411CA2CEA /* Mutu */;
			projectDirPath = "";
			projectRoot = "";
			targets = (
				8D1107260486CEB800E47090 /* Mutu */,
			);
		};
/* End PBXProject section */

/* Begin PBXResourcesBuildPhase section */
		8D1107290486CEB800E47090 /* Resources */ = {
			isa = PBXResourcesBuildPhase;
			buildActionMask = 2147483647;
			files = (
				8D11072B0486CEB800E47090 /* InfoPlist.strings in Resources */,
				1DDD58160DA1D0A300B32029 /* MainMenu.xib in Resources */,
				EF31718B110F54C900154890 /* tunnel.sh in Resources */,
				EF4520F71111D6AA001E86A3 /* Preferences.xib in Resources */,
				EF4522071111EF8C001E86A3 /* Workflow.txt in Resources */,
				EF4522BF11122A5E001E86A3 /* Emerald.gif in Resources */,
				EF7250A811177E540018FFAE /* destroy.icns in Resources */,
				EF7250AA11177E5B0018FFAE /* prefs.icns in Resources */,
				EF7250AC11177E650018FFAE /* Terminal.icns in Resources */,
				EF7250AE11177E870018FFAE /* Keychain.icns in Resources */,
			);
			runOnlyForDeploymentPostprocessing = 0;
		};
/* End PBXResourcesBuildPhase section */

/* Begin PBXSourcesBuildPhase section */
		8D11072C0486CEB800E47090 /* Sources */ = {
			isa = PBXSourcesBuildPhase;
			buildActionMask = 2147483647;
			files = (
				8D11072D0486CEB800E47090 /* main.m in Sources */,
				256AC3DA0F4B6AC300CF3369 /* MutuAppDelegate.m in Sources */,
				EF81C3091110A70A0029B281 /* PreChecks.m in Sources */,
				EF4520F01111D3B2001E86A3 /* AppController.m in Sources */,
				EF4520F31111D3FE001E86A3 /* PreferenceController.m in Sources */,
				EF45241711133365001E86A3 /* Servers.xcdatamodel in Sources */,
				EFBFCC731117396800D0A00F /* Servers_AppDelegate.m in Sources */,
				EF7250DD11178F1B0018FFAE /* Helpers.m in Sources */,
				EF7250F9111790C20018FFAE /* Constants.m in Sources */,
				EF592292111CF93E00C6F4FD /* SSHTunnel.m in Sources */,
			);
			runOnlyForDeploymentPostprocessing = 0;
		};
/* End PBXSourcesBuildPhase section */

/* Begin PBXVariantGroup section */
		089C165CFE840E0CC02AAC07 /* InfoPlist.strings */ = {
			isa = PBXVariantGroup;
			children = (
				089C165DFE840E0CC02AAC07 /* English */,
			);
			name = InfoPlist.strings;
			sourceTree = "<group>";
		};
		1DDD58140DA1D0A300B32029 /* MainMenu.xib */ = {
			isa = PBXVariantGroup;
			children = (
				1DDD58150DA1D0A300B32029 /* English */,
			);
			name = MainMenu.xib;
			sourceTree = "<group>";
		};
/* End PBXVariantGroup section */

/* Begin XCBuildConfiguration section */
		C01FCF4B08A954540054247B /* Debug */ = {
			isa = XCBuildConfiguration;
			buildSettings = {
				ALWAYS_SEARCH_USER_PATHS = NO;
				COPY_PHASE_STRIP = NO;
				GCC_DYNAMIC_NO_PIC = NO;
				GCC_ENABLE_FIX_AND_CONTINUE = YES;
				GCC_ENABLE_OBJC_GC = supported;
				GCC_MODEL_TUNING = G5;
				GCC_OPTIMIZATION_LEVEL = 0;
				GCC_PRECOMPILE_PREFIX_HEADER = YES;
				GCC_PREFIX_HEADER = Mutu_Prefix.pch;
				INFOPLIST_FILE = "Mutu-Info.plist";
				INSTALL_PATH = "$(HOME)/Applications";
				PRODUCT_NAME = Mutu;
			};
			name = Debug;
		};
		C01FCF4C08A954540054247B /* Release */ = {
			isa = XCBuildConfiguration;
			buildSettings = {
				ALWAYS_SEARCH_USER_PATHS = NO;
				DEBUG_INFORMATION_FORMAT = "dwarf-with-dsym";
				GCC_MODEL_TUNING = G5;
				GCC_PRECOMPILE_PREFIX_HEADER = YES;
				GCC_PREFIX_HEADER = Mutu_Prefix.pch;
				INFOPLIST_FILE = "Mutu-Info.plist";
				INSTALL_PATH = "$(HOME)/Applications";
				PRODUCT_NAME = Mutu;
			};
			name = Release;
		};
		C01FCF4F08A954540054247B /* Debug */ = {
			isa = XCBuildConfiguration;
			buildSettings = {
				ARCHS = "$(ARCHS_STANDARD_32_64_BIT)";
				GCC_C_LANGUAGE_STANDARD = gnu99;
				GCC_OPTIMIZATION_LEVEL = 0;
				GCC_WARN_ABOUT_RETURN_TYPE = YES;
				GCC_WARN_UNUSED_VARIABLE = YES;
				ONLY_ACTIVE_ARCH = YES;
				PREBINDING = NO;
				SDKROOT = macosx10.6;
			};
			name = Debug;
		};
		C01FCF5008A954540054247B /* Release */ = {
			isa = XCBuildConfiguration;
			buildSettings = {
				ARCHS = "$(ARCHS_STANDARD_32_64_BIT)";
				GCC_C_LANGUAGE_STANDARD = gnu99;
				GCC_WARN_ABOUT_RETURN_TYPE = YES;
				GCC_WARN_UNUSED_VARIABLE = YES;
				PREBINDING = NO;
				SDKROOT = macosx10.6;
			};
			name = Release;
		};
/* End XCBuildConfiguration section */

/* Begin XCConfigurationList section */
		C01FCF4A08A954540054247B /* Build configuration list for PBXNativeTarget "Mutu" */ = {
			isa = XCConfigurationList;
			buildConfigurations = (
				C01FCF4B08A954540054247B /* Debug */,
				C01FCF4C08A954540054247B /* Release */,
			);
			defaultConfigurationIsVisible = 0;
			defaultConfigurationName = Release;
		};
		C01FCF4E08A954540054247B /* Build configuration list for PBXProject "Mutu" */ = {
			isa = XCConfigurationList;
			buildConfigurations = (
				C01FCF4F08A954540054247B /* Debug */,
				C01FCF5008A954540054247B /* Release */,
			);
			defaultConfigurationIsVisible = 0;
			defaultConfigurationName = Release;
		};
/* End XCConfigurationList section */
	};
	rootObject = 29B97313FDCFA39411CA2CEA /* Project object */;
}
